
Microsoft Visual Studio Solution File, Format Version 12.00
# Visual Studio Version 16
VisualStudioVersion = 16.0.30002.166
MinimumVisualStudioVersion = 10.0.40219.1
Project("{FAE04EC0-301F-11D3-BF4B-00C04F79EFBC}") = "LAB21", "LAB21.csproj", "{ACB2CA93-CE42-49C1-AE5D-E09AF5CE2944}"
EndProject
Global
	GlobalSection(SolutionConfigurationPlatforms) = preSolution
		Debug|Any CPU = Debug|Any CPU
		Release|Any CPU = Release|Any CPU
	EndGlobalSection
	GlobalSection(ProjectConfigurationPlatforms) = postSolution
		{ACB2CA93-CE42-49C1-AE5D-E09AF5CE2944}.Debug|Any CPU.ActiveCfg = Debug|Any CPU
		{ACB2CA93-CE42-49C1-AE5D-E09AF5CE2944}.Debug|Any CPU.Build.0 = Debug|Any CPU
		{ACB2CA93-CE42-49C1-AE5D-E09AF5CE2944}.Release|Any CPU.ActiveCfg = Release|Any CPU
		{ACB2CA93-CE42-49C1-AE5D-E09AF5CE2944}.Release|Any CPU.Build.0 = Release|Any CPU
	EndGlobalSection
	GlobalSection(SolutionProperties) = preSolution
		HideSolutionNode = FALSE
	EndGlobalSection
	GlobalSection(ExtensibilityGlobals) = postSolution
		SolutionGuid = {477FFFE1-5464-47C2-9525-0570D0B785C0}
	EndGlobalSection
EndGlobal
